
Microsoft Visual Studio Solution File, Format Version 12.00
# Visual Studio Version 17
VisualStudioVersion = 17.14.36603.0 d17.14
MinimumVisualStudioVersion = 10.0.40219.1
Project("{FAE04EC0-301F-11D3-BF4B-00C04F79EFBC}") = "SchedulePlanner", "SchedulePlanner\SchedulePlanner.csproj", "{7B191B6F-B9CF-4193-BC75-4A442F75DA56}"
EndProject
Global
	GlobalSection(SolutionConfigurationPlatforms) = preSolution
		Debug|Any CPU = Debug|Any CPU
		Release|Any CPU = Release|Any CPU
	EndGlobalSection
	GlobalSection(ProjectConfigurationPlatforms) = postSolution
		{7B191B6F-B9CF-4193-BC75-4A442F75DA56}.Debug|Any CPU.ActiveCfg = Debug|Any CPU
		{7B191B6F-B9CF-4193-BC75-4A442F75DA56}.Debug|Any CPU.Build.0 = Debug|Any CPU
		{7B191B6F-B9CF-4193-BC75-4A442F75DA56}.Release|Any CPU.ActiveCfg = Release|Any CPU
		{7B191B6F-B9CF-4193-BC75-4A442F75DA56}.Release|Any CPU.Build.0 = Release|Any CPU
	EndGlobalSection
	GlobalSection(SolutionProperties) = preSolution
		HideSolutionNode = FALSE
	EndGlobalSection
	GlobalSection(ExtensibilityGlobals) = postSolution
		SolutionGuid = {C72402B1-FF7C-4FD3-B717-B1B5199F4F33}
	EndGlobalSection
EndGlobal
